
Microsoft Visual Studio Solution File, Format Version 12.00
# Visual Studio Version 17
VisualStudioVersion = 17.7.34024.191
MinimumVisualStudioVersion = 10.0.40219.1
Project("{FAE04EC0-301F-11D3-BF4B-00C04F79EFBC}") = "AtYarışı", "AtYarışı\AtYarışı.csproj", "{AA3A7CC1-2FD8-4188-8992-1C3A82C92E01}"
EndProject
Global
	GlobalSection(SolutionConfigurationPlatforms) = preSolution
		Debug|Any CPU = Debug|Any CPU
		Release|Any CPU = Release|Any CPU
	EndGlobalSection
	GlobalSection(ProjectConfigurationPlatforms) = postSolution
		{AA3A7CC1-2FD8-4188-8992-1C3A82C92E01}.Debug|Any CPU.ActiveCfg = Debug|Any CPU
		{AA3A7CC1-2FD8-4188-8992-1C3A82C92E01}.Debug|Any CPU.Build.0 = Debug|Any CPU
		{AA3A7CC1-2FD8-4188-8992-1C3A82C92E01}.Release|Any CPU.ActiveCfg = Release|Any CPU
		{AA3A7CC1-2FD8-4188-8992-1C3A82C92E01}.Release|Any CPU.Build.0 = Release|Any CPU
	EndGlobalSection
	GlobalSection(SolutionProperties) = preSolution
		HideSolutionNode = FALSE
	EndGlobalSection
	GlobalSection(ExtensibilityGlobals) = postSolution
		SolutionGuid = {359E5DD0-F858-4A34-9F33-C1108FC56A14}
	EndGlobalSection
EndGlobal
